
Microsoft Visual Studio Solution File, Format Version 12.00
# Visual Studio Version 17
VisualStudioVersion = 17.6.33723.286
MinimumVisualStudioVersion = 10.0.40219.1
Project("{9A19103F-16F7-4668-BE54-9A1E7A4F7556}") = "Beporsoft.Blazor.ChartJsWrapper", "src\Beporsoft.Blazor.ChartJsWrapper\Beporsoft.Blazor.ChartJsWrapper.csproj", "{2CA6CACE-3C0D-4C12-AE16-582CE41D7B9B}"
EndProject
Project("{FAE04EC0-301F-11D3-BF4B-00C04F79EFBC}") = "Beporsoft.Blazor.ChartJsWrapper.Tests", "test\Beporsoft.Blazor.ChartJsWrapper.Tests\Beporsoft.Blazor.ChartJsWrapper.Tests.csproj", "{86B6A0AD-A7CB-442A-A916-C4865764EB43}"
EndProject
Project("{FAE04EC0-301F-11D3-BF4B-00C04F79EFBC}") = "Beporsoft.Blazor.ChartJsWrapper.SampleData", "src\Beporsoft.Blazor.ChartJsWrapper.SampleData\Beporsoft.Blazor.ChartJsWrapper.SampleData.csproj", "{F3C0CA79-5906-4BE4-BCED-C7A6C01919E8}"
EndProject
Project("{2150E333-8FDC-42A3-9474-1A3956D46DE8}") = "test", "test", "{9363966C-D55E-4DE1-B1DD-FADAAADEBDC5}"
EndProject
Project("{2150E333-8FDC-42A3-9474-1A3956D46DE8}") = "src", "src", "{CD7750D7-F717-4339-8E9C-690369FB67C5}"
EndProject
Project("{2150E333-8FDC-42A3-9474-1A3956D46DE8}") = "samples", "samples", "{FF94650C-2B74-4DFB-82C8-F4B08F151E66}"
EndProject
Global
	GlobalSection(SolutionConfigurationPlatforms) = preSolution
		Debug|Any CPU = Debug|Any CPU
		Release|Any CPU = Release|Any CPU
	EndGlobalSection
	GlobalSection(ProjectConfigurationPlatforms) = postSolution
		{2CA6CACE-3C0D-4C12-AE16-582CE41D7B9B}.Debug|Any CPU.ActiveCfg = Debug|Any CPU
		{2CA6CACE-3C0D-4C12-AE16-582CE41D7B9B}.Debug|Any CPU.Build.0 = Debug|Any CPU
		{2CA6CACE-3C0D-4C12-AE16-582CE41D7B9B}.Release|Any CPU.ActiveCfg = Release|Any CPU
		{2CA6CACE-3C0D-4C12-AE16-582CE41D7B9B}.Release|Any CPU.Build.0 = Release|Any CPU
		{86B6A0AD-A7CB-442A-A916-C4865764EB43}.Debug|Any CPU.ActiveCfg = Debug|Any CPU
		{86B6A0AD-A7CB-442A-A916-C4865764EB43}.Debug|Any CPU.Build.0 = Debug|Any CPU
		{86B6A0AD-A7CB-442A-A916-C4865764EB43}.Release|Any CPU.ActiveCfg = Release|Any CPU
		{86B6A0AD-A7CB-442A-A916-C4865764EB43}.Release|Any CPU.Build.0 = Release|Any CPU
		{F3C0CA79-5906-4BE4-BCED-C7A6C01919E8}.Debug|Any CPU.ActiveCfg = Debug|Any CPU
		{F3C0CA79-5906-4BE4-BCED-C7A6C01919E8}.Debug|Any CPU.Build.0 = Debug|Any CPU
		{F3C0CA79-5906-4BE4-BCED-C7A6C01919E8}.Release|Any CPU.ActiveCfg = Release|Any CPU
		{F3C0CA79-5906-4BE4-BCED-C7A6C01919E8}.Release|Any CPU.Build.0 = Release|Any CPU
	EndGlobalSection
	GlobalSection(SolutionProperties) = preSolution
		HideSolutionNode = FALSE
	EndGlobalSection
	GlobalSection(NestedProjects) = preSolution
		{2CA6CACE-3C0D-4C12-AE16-582CE41D7B9B} = {CD7750D7-F717-4339-8E9C-690369FB67C5}
		{86B6A0AD-A7CB-442A-A916-C4865764EB43} = {9363966C-D55E-4DE1-B1DD-FADAAADEBDC5}
		{F3C0CA79-5906-4BE4-BCED-C7A6C01919E8} = {CD7750D7-F717-4339-8E9C-690369FB67C5}
	EndGlobalSection
	GlobalSection(ExtensibilityGlobals) = postSolution
		SolutionGuid = {6428B91B-E09C-4136-9C21-64F735AD265A}
	EndGlobalSection
EndGlobal
